
Microsoft Visual Studio Solution File, Format Version 12.00
# Visual Studio Version 16
VisualStudioVersion = 16.0.31515.178
MinimumVisualStudioVersion = 10.0.40219.1
Project("{FAE04EC0-301F-11D3-BF4B-00C04F79EFBC}") = "MVCDemo", "MVCDemo.csproj", "{C15697D3-228E-4257-B28A-9762A499FEDD}"
EndProject
Global
	GlobalSection(SolutionConfigurationPlatforms) = preSolution
		Debug|Any CPU = Debug|Any CPU
		Release|Any CPU = Release|Any CPU
	EndGlobalSection
	GlobalSection(ProjectConfigurationPlatforms) = postSolution
		{C15697D3-228E-4257-B28A-9762A499FEDD}.Debug|Any CPU.ActiveCfg = Debug|Any CPU
		{C15697D3-228E-4257-B28A-9762A499FEDD}.Debug|Any CPU.Build.0 = Debug|Any CPU
		{C15697D3-228E-4257-B28A-9762A499FEDD}.Release|Any CPU.ActiveCfg = Release|Any CPU
		{C15697D3-228E-4257-B28A-9762A499FEDD}.Release|Any CPU.Build.0 = Release|Any CPU
	EndGlobalSection
	GlobalSection(SolutionProperties) = preSolution
		HideSolutionNode = FALSE
	EndGlobalSection
	GlobalSection(ExtensibilityGlobals) = postSolution
		SolutionGuid = {FC96A54A-004F-4073-8418-A46DB35C590E}
	EndGlobalSection
EndGlobal
